
Microsoft Visual Studio Solution File, Format Version 12.00
# Visual Studio 2013
VisualStudioVersion = 12.0.21005.1
MinimumVisualStudioVersion = 10.0.40219.1
Project("{8BC9CEB8-8B4A-11D0-8D11-00A0C91BC942}") = "08_03_C_03_动态内存分配", "08_03_C_03_动态内存分配\08_03_C_03_动态内存分配.vcxproj", "{56336E4A-4CE7-40BB-9D0C-CCBC5DD70A24}"
EndProject
Global
	GlobalSection(SolutionConfigurationPlatforms) = preSolution
		Debug|Win32 = Debug|Win32
		Release|Win32 = Release|Win32
	EndGlobalSection
	GlobalSection(ProjectConfigurationPlatforms) = postSolution
		{56336E4A-4CE7-40BB-9D0C-CCBC5DD70A24}.Debug|Win32.ActiveCfg = Debug|Win32
		{56336E4A-4CE7-40BB-9D0C-CCBC5DD70A24}.Debug|Win32.Build.0 = Debug|Win32
		{56336E4A-4CE7-40BB-9D0C-CCBC5DD70A24}.Release|Win32.ActiveCfg = Release|Win32
		{56336E4A-4CE7-40BB-9D0C-CCBC5DD70A24}.Release|Win32.Build.0 = Release|Win32
	EndGlobalSection
	GlobalSection(SolutionProperties) = preSolution
		HideSolutionNode = FALSE
	EndGlobalSection
EndGlobal
